# THIS IS AN AUTOGENERATED FILE. DO NOT EDIT THIS FILE DIRECTLY.
# yarn lockfile v1


"@notnuzzel/crawl@^1.0.1":
  version "1.0.1"
  resolved "https://registry.npmjs.org/@notnuzzel/crawl/-/crawl-1.0.1.tgz"
  integrity sha512-SeIiVEN0SA4HagVonM+7AesmlQ+jC8zDe6ritP7L3xwvsLzeIp/LFGuaQUquRVe9+9Lm2c/zwI5aA/huNoI9Bw==
  dependencies:
    redis "^3.1.2"
    rsmq-promise "^1.0.4"
    rsmq-worker "^0.5.2"

"@notnuzzel/prisma@^1.0.5":
  version "1.0.5"
  resolved "https://registry.yarnpkg.com/@notnuzzel/prisma/-/prisma-1.0.5.tgz#5342e3305bf04e53bf9467bc9aca14342de5ce2f"
  integrity sha512-xQyPCknXo5ZmgISyI1dAxeFL1bVjddyo7jF9dmWpd59wRgx3u18QCmTqUBmjEtHO9iZAwinnyzr1o1P5Ov1hcg==
  dependencies:
    "@prisma/client" "^2.22.1"

"@prisma/client@^2.22.1":
  version "2.22.1"
  resolved "https://registry.yarnpkg.com/@prisma/client/-/client-2.22.1.tgz#10fdcd1532a6baf46dd1c464cad9a54af0532bc8"
  integrity sha512-JQjbsY6QSfFiovXHEp5WeJHa5p2CuR1ZFPAeYXmUsOAQOaMCrhgQmKAL6w2Q3SRA7ALqPjrKywN9/QfBc4Kp1A==
  dependencies:
    "@prisma/engines-version" "2.22.0-21.60cc71d884972ab4e897f0277c4b84383dddaf6c"

"@prisma/engines-version@2.22.0-21.60cc71d884972ab4e897f0277c4b84383dddaf6c":
  version "2.22.0-21.60cc71d884972ab4e897f0277c4b84383dddaf6c"
  resolved "https://registry.yarnpkg.com/@prisma/engines-version/-/engines-version-2.22.0-21.60cc71d884972ab4e897f0277c4b84383dddaf6c.tgz#e98ee17217a0ebb54f2f9314fbbfd610b05e6e31"
  integrity sha512-OkkVwk6iTzTbwwl8JIKAENyxmh4TFORal55QMKQzrHEY8UzbD0M90mQnmziz3PAopQUZgTFFMlaPAq1WNrLMtA==

"@prisma/engines@2.22.0-21.60cc71d884972ab4e897f0277c4b84383dddaf6c":
  version "2.22.0-21.60cc71d884972ab4e897f0277c4b84383dddaf6c"
  resolved "https://registry.yarnpkg.com/@prisma/engines/-/engines-2.22.0-21.60cc71d884972ab4e897f0277c4b84383dddaf6c.tgz#4ccd255e0823605db3d8387a5195b6fdabe3b0c0"
  integrity sha512-KmWdogrsfsSLYvfqY3cS3QcDGzaEFklE+T6dNJf+k/KPQum4A29IwDalafMwh5cMN8ivZobUbowNSwWJrMT08Q==

"@types/node@*":
  version "15.0.3"
  resolved "https://registry.npmjs.org/@types/node/-/node-15.0.3.tgz"
  integrity sha512-/WbxFeBU+0F79z9RdEOXH4CsDga+ibi5M8uEYr91u3CkT/pdWcV8MCook+4wDPnZBexRdwWS+PiVZ2xJviAzcQ==

"@types/redis@^2.8.0":
  version "2.8.28"
  resolved "https://registry.npmjs.org/@types/redis/-/redis-2.8.28.tgz"
  integrity sha512-8l2gr2OQ969ypa7hFOeKqtFoY70XkHxISV0pAwmQ2nm6CSPb1brmTmqJCGGrekCo+pAZyWlNXr+Kvo6L/1wijA==
  dependencies:
    "@types/node" "*"

"@vercel/ncc@^0.28.5":
  version "0.28.5"
  resolved "https://registry.npmjs.org/@vercel/ncc/-/ncc-0.28.5.tgz"
  integrity sha512-ZSwD4EDCon2EsnPZ2/Qcigx4N2DiuBLV/rDnF04giEPFuDeBeUDdnSTyYYfX8KNic/prrJuS1vUEmAOHmj+fRg==

async@2.1.x:
  version "2.1.5"
  resolved "https://registry.npmjs.org/async/-/async-2.1.5.tgz"
  integrity sha1-5YfGhYCZSsZ/xW/4bTrFa9voELw=
  dependencies:
    lodash "^4.14.0"

bindings@*:
  version "1.5.0"
  resolved "https://registry.yarnpkg.com/bindings/-/bindings-1.5.0.tgz#10353c9e945334bc0511a6d90b38fbc7c9c504df"
  integrity sha512-p2q/t/mhvuOj/UeLlV6566GD/guowlr0hHxClI0W9m7MWYkL1F0hLo+0Aexs9HSPCtR1SXQ0TD3MMKrXZajbiQ==
  dependencies:
    file-uri-to-path "1.0.0"

bluebird@^3.5.3:
  version "3.7.2"
  resolved "https://registry.npmjs.org/bluebird/-/bluebird-3.7.2.tgz"
  integrity sha512-XpNj6GDQzdfW+r2Wnn7xiSAd7TM3jzkxGXBGTtWKuSXv1xUV+azxAm8jdWZN06QTQk+2N2XB9jRDkvbmQmcRtg==

colors@1.1.x:
  version "1.1.2"
  resolved "https://registry.npmjs.org/colors/-/colors-1.1.2.tgz"
  integrity sha1-FopHAXVran9RoSzgyXv6KMCE7WM=

cron@^1.8.2:
  version "1.8.2"
  resolved "https://registry.npmjs.org/cron/-/cron-1.8.2.tgz"
  integrity sha512-Gk2c4y6xKEO8FSAUTklqtfSr7oTq0CiPQeLBG5Fl0qoXpZyMcj1SG59YL+hqq04bu6/IuEA7lMkYDAplQNKkyg==
  dependencies:
    moment-timezone "^0.5.x"

denque@^1.5.0:
  version "1.5.0"
  resolved "https://registry.npmjs.org/denque/-/denque-1.5.0.tgz"
  integrity sha512-CYiCSgIF1p6EUByQPlGkKnP1M9g0ZV3qMIrqMqZqdwazygIA/YP2vrbcyl1h/WppKJTdl1F85cXIle+394iDAQ==

double-ended-queue@^2.1.0-0:
  version "2.1.0-0"
  resolved "https://registry.npmjs.org/double-ended-queue/-/double-ended-queue-2.1.0-0.tgz"
  integrity sha1-ED01J/0xUo9AGIEwyEHv3XgmTlw=

extend@3.0.x:
  version "3.0.2"
  resolved "https://registry.npmjs.org/extend/-/extend-3.0.2.tgz"
  integrity sha512-fjquC59cD7CyW6urNXK0FBufkZcoiGG80wTuPujX590cB5Ttln20E2UB4S/WARVqhXffZl2LNgS+gQdPIIim/g==

file-uri-to-path@1.0.0:
  version "1.0.0"
  resolved "https://registry.yarnpkg.com/file-uri-to-path/-/file-uri-to-path-1.0.0.tgz#553a7b8446ff6f684359c445f1e37a05dacc33dd"
  integrity sha512-0Zt+s3L7Vf1biwWZ29aARiVYLx7iMGnEUl9x33fbB/j3jR81u/O2LbqK+Bm1CDSNDKVtJ/YjwY7TUd5SkeLQLw==

hiredis@^0.4.1:
  version "0.4.1"
  resolved "https://registry.yarnpkg.com/hiredis/-/hiredis-0.4.1.tgz#aab4dcfd0fc4cbdb219d268005f2335a3c639e8f"
  integrity sha1-qrTc/Q/Ey9shnSaABfIzWjxjno8=
  dependencies:
    bindings "*"
    nan "^2.0.5"

lodash@4.x, lodash@^4.14.0, lodash@^4.17.11, lodash@^4.6.1:
  version "4.17.21"
  resolved "https://registry.npmjs.org/lodash/-/lodash-4.17.21.tgz"
  integrity sha512-v2kDEe57lecTulaDIuNTPy3Ry4gLGJ6Z1O3vE1krgXZNrsQ+LFTGHVxVjcXPs17LhbZVGedAJv8XZ1tvj5FvSg==

moment-timezone@^0.5.x:
  version "0.5.33"
  resolved "https://registry.npmjs.org/moment-timezone/-/moment-timezone-0.5.33.tgz"
  integrity sha512-PTc2vcT8K9J5/9rDEPe5czSIKgLoGsH8UNpA4qZTVw0Vd/Uz19geE9abbIOQKaAQFcnQ3v5YEXrbSc5BpshH+w==
  dependencies:
    moment ">= 2.9.0"

"moment@>= 2.9.0":
  version "2.29.1"
  resolved "https://registry.npmjs.org/moment/-/moment-2.29.1.tgz"
  integrity sha512-kHmoybcPV8Sqy59DwNDY3Jefr64lK/by/da0ViFcuA4DH0vQg5Q6Ze5VimxkfQNSC+Mls/Kx53s7TjP1RhFEDQ==

mpbasic@0.0.x:
  version "0.0.18"
  resolved "https://registry.npmjs.org/mpbasic/-/mpbasic-0.0.18.tgz"
  integrity sha1-9Fm6HclcyhPl+AA4gnANCSalPAA=
  dependencies:
    colors "1.1.x"
    extend "3.0.x"
    lodash "4.x"

nan@^2.0.5:
  version "2.14.2"
  resolved "https://registry.yarnpkg.com/nan/-/nan-2.14.2.tgz#f5376400695168f4cc694ac9393d0c9585eeea19"
  integrity sha512-M2ufzIiINKCuDfBSAUr1vWQ+vuVcA9kqx8JJUsbQi6yf1uGRyb7HfpdfUr5qLXf3B/t8dPvcjhKMmlfnP47EzQ==

prisma@^2.22.1:
  version "2.22.1"
  resolved "https://registry.yarnpkg.com/prisma/-/prisma-2.22.1.tgz#884687a90c7b797b34c6110ea413049078c8da6e"
  integrity sha512-hwvCM3zyxgSda/+/p+GW7nz93jRebtMU01wAG7YVVnl0OKU+dpw1wPvPFmQRldkZHk8fTCleYmjc24WaSdVPZQ==
  dependencies:
    "@prisma/engines" "2.22.0-21.60cc71d884972ab4e897f0277c4b84383dddaf6c"

redis-commands@^1.2.0, redis-commands@^1.7.0:
  version "1.7.0"
  resolved "https://registry.npmjs.org/redis-commands/-/redis-commands-1.7.0.tgz"
  integrity sha512-nJWqw3bTFy21hX/CPKHth6sfhZbdiHP6bTawSgQBlKOVRG7EZkfHbbHwQJnrE4vsQf0CMNE+3gJ4Fmm16vdVlQ==

redis-errors@^1.0.0, redis-errors@^1.2.0:
  version "1.2.0"
  resolved "https://registry.npmjs.org/redis-errors/-/redis-errors-1.2.0.tgz"
  integrity sha1-62LSrbFeTq9GEMBK/hUpOEJQq60=

redis-parser@^2.6.0:
  version "2.6.0"
  resolved "https://registry.npmjs.org/redis-parser/-/redis-parser-2.6.0.tgz"
  integrity sha1-Uu0J2srBCPGmMcB+m2mUHnoZUEs=

redis-parser@^3.0.0:
  version "3.0.0"
  resolved "https://registry.npmjs.org/redis-parser/-/redis-parser-3.0.0.tgz"
  integrity sha1-tm2CjNyv5rS4pCin3vTGvKwxyLQ=
  dependencies:
    redis-errors "^1.0.0"

redis@^2.5.3, redis@^2.8.0:
  version "2.8.0"
  resolved "https://registry.npmjs.org/redis/-/redis-2.8.0.tgz"
  integrity sha512-M1OkonEQwtRmZv4tEWF2VgpG0JWJ8Fv1PhlgT5+B+uNq2cA3Rt1Yt/ryoR+vQNOQcIEgdCdfH0jr3bDpihAw1A==
  dependencies:
    double-ended-queue "^2.1.0-0"
    redis-commands "^1.2.0"
    redis-parser "^2.6.0"

redis@^3.1.2:
  version "3.1.2"
  resolved "https://registry.npmjs.org/redis/-/redis-3.1.2.tgz"
  integrity sha512-grn5KoZLr/qrRQVwoSkmzdbw6pwF+/rwODtrOr6vuBRiR/f3rjSTGupbF90Zpqm2oenix8Do6RV7pYEkGwlKkw==
  dependencies:
    denque "^1.5.0"
    redis-commands "^1.7.0"
    redis-errors "^1.2.0"
    redis-parser "^3.0.0"

rsmq-promise@^1.0.4:
  version "1.0.4"
  resolved "https://registry.npmjs.org/rsmq-promise/-/rsmq-promise-1.0.4.tgz"
  integrity sha512-6NJGXQf+SkfDJtdySGDuPUz7ua5R0JCKMrn/95eVwuefX3ImBXg8kiBdvXPtxM9TfnNqqIcatPTyJJVxstGWyQ==
  dependencies:
    bluebird "^3.5.3"
    rsmq "^0.11.0"

rsmq-worker@^0.5.2:
  version "0.5.2"
  resolved "https://registry.npmjs.org/rsmq-worker/-/rsmq-worker-0.5.2.tgz"
  integrity sha1-jsT5oRnW7AlHi/nDtTSaY7S6T0g=
  dependencies:
    async "2.1.x"
    lodash "4.x"
    mpbasic "0.0.x"
    rsmq "0.7.x"

rsmq@0.7.x:
  version "0.7.2"
  resolved "https://registry.npmjs.org/rsmq/-/rsmq-0.7.2.tgz"
  integrity sha1-oNHuAFiJfcSKLpCAL7ZkyyflyTU=
  dependencies:
    lodash "^4.6.1"
    redis "^2.5.3"
  optionalDependencies:
    hiredis "^0.4.1"

rsmq@^0.11.0:
  version "0.11.0"
  resolved "https://registry.npmjs.org/rsmq/-/rsmq-0.11.0.tgz"
  integrity sha512-Uo+jQ85T3jbajAwoU7MGyIVRC1ytUDfMV+yjskQzIMEJDLWpcJmw+DlacM3EXwjwD9g4Q2yWdKuGXi8C2V8WIg==
  dependencies:
    "@types/redis" "^2.8.0"
    lodash "^4.17.11"
    redis "^2.8.0"
